
Microsoft Visual Studio Solution File, Format Version 12.00
# Visual Studio Version 17
VisualStudioVersion = 17.12.35527.113
MinimumVisualStudioVersion = 10.0.40219.1
Project("{FAE04EC0-301F-11D3-BF4B-00C04F79EFBC}") = "Assignment1", "Assignment1\Assignment1.csproj", "{B05F7A05-EE2B-43BE-A31F-8191F9BE2428}"
EndProject
Project("{FAE04EC0-301F-11D3-BF4B-00C04F79EFBC}") = "FUNewsManagement_FE", "FUNewsManagement_FE\FUNewsManagement_FE.csproj", "{960EAD5E-97B0-4887-853D-0907F92BCD7C}"
EndProject
Project("{FAE04EC0-301F-11D3-BF4B-00C04F79EFBC}") = "FUNewsManagement_AnalyticsAPI", "FUNewsManagement_AnalyticsAPI\FUNewsManagement_AnalyticsAPI.csproj", "{FD6F301A-CC96-4320-89FF-24684384F48B}"
EndProject
Project("{FAE04EC0-301F-11D3-BF4B-00C04F79EFBC}") = "FUNewsManagement_AIAPI", "FUNewsManagement_AIAPI\FUNewsManagement_AIAPI.csproj", "{53A485B2-B8E0-41A8-AAA9-C585DA2DE248}"
EndProject
Global
	GlobalSection(SolutionConfigurationPlatforms) = preSolution
		Debug|Any CPU = Debug|Any CPU
		Release|Any CPU = Release|Any CPU
	EndGlobalSection
	GlobalSection(ProjectConfigurationPlatforms) = postSolution
		{B05F7A05-EE2B-43BE-A31F-8191F9BE2428}.Debug|Any CPU.ActiveCfg = Debug|Any CPU
		{B05F7A05-EE2B-43BE-A31F-8191F9BE2428}.Debug|Any CPU.Build.0 = Debug|Any CPU
		{B05F7A05-EE2B-43BE-A31F-8191F9BE2428}.Release|Any CPU.ActiveCfg = Release|Any CPU
		{B05F7A05-EE2B-43BE-A31F-8191F9BE2428}.Release|Any CPU.Build.0 = Release|Any CPU
		{960EAD5E-97B0-4887-853D-0907F92BCD7C}.Debug|Any CPU.ActiveCfg = Debug|Any CPU
		{960EAD5E-97B0-4887-853D-0907F92BCD7C}.Debug|Any CPU.Build.0 = Debug|Any CPU
		{960EAD5E-97B0-4887-853D-0907F92BCD7C}.Release|Any CPU.ActiveCfg = Release|Any CPU
		{960EAD5E-97B0-4887-853D-0907F92BCD7C}.Release|Any CPU.Build.0 = Release|Any CPU
		{FD6F301A-CC96-4320-89FF-24684384F48B}.Debug|Any CPU.ActiveCfg = Debug|Any CPU
		{FD6F301A-CC96-4320-89FF-24684384F48B}.Debug|Any CPU.Build.0 = Debug|Any CPU
		{FD6F301A-CC96-4320-89FF-24684384F48B}.Release|Any CPU.ActiveCfg = Release|Any CPU
		{FD6F301A-CC96-4320-89FF-24684384F48B}.Release|Any CPU.Build.0 = Release|Any CPU
		{53A485B2-B8E0-41A8-AAA9-C585DA2DE248}.Debug|Any CPU.ActiveCfg = Debug|Any CPU
		{53A485B2-B8E0-41A8-AAA9-C585DA2DE248}.Debug|Any CPU.Build.0 = Debug|Any CPU
		{53A485B2-B8E0-41A8-AAA9-C585DA2DE248}.Release|Any CPU.ActiveCfg = Release|Any CPU
		{53A485B2-B8E0-41A8-AAA9-C585DA2DE248}.Release|Any CPU.Build.0 = Release|Any CPU
	EndGlobalSection
	GlobalSection(SolutionProperties) = preSolution
		HideSolutionNode = FALSE
	EndGlobalSection
EndGlobal
